// !$*UTF8*$!
{
	archiveVersion = 1;
	classes = {
	};
	objectVersion = 46;
	objects = {

/* Begin PBXBuildFile section */
		ABB2AB6E6DC6542D0F3F323E /* libPods.a in Frameworks */ = {isa = PBXBuildFile; fileRef = C6D0B1C10D168045A9451C4B /* libPods.a */; };
		BDFBDEDE1B849AD20048703B /* main.m in Sources */ = {isa = PBXBuildFile; fileRef = BDFBDEDD1B849AD20048703B /* main.m */; };
		BDFBDEE11B849AD20048703B /* AppDelegate.m in Sources */ = {isa = PBXBuildFile; fileRef = BDFBDEE01B849AD20048703B /* AppDelegate.m */; };
		BDFBDEE91B849AD20048703B /* Images.xcassets in Resources */ = {isa = PBXBuildFile; fileRef = BDFBDEE81B849AD20048703B /* Images.xcassets */; };
		BDFBDEF81B849AD20048703B /* Photo_BombersTests.m in Sources */ = {isa = PBXBuildFile; fileRef = BDFBDEF71B849AD20048703B /* Photo_BombersTests.m */; };
		BDFBDF071B849B970048703B /* PhotosViewController.m in Sources */ = {isa = PBXBuildFile; fileRef = BDFBDF061B849B970048703B /* PhotosViewController.m */; };
		BDFBDF0A1B84AA490048703B /* PhotoCell.m in Sources */ = {isa = PBXBuildFile; fileRef = BDFBDF091B84AA490048703B /* PhotoCell.m */; };
/* End PBXBuildFile section */

/* Begin PBXContainerItemProxy section */
		BDFBDEF21B849AD20048703B /* PBXContainerItemProxy */ = {
			isa = PBXContainerItemProxy;
			containerPortal = BDFBDED01B849AD20048703B /* Project object */;
			proxyType = 1;
			remoteGlobalIDString = BDFBDED71B849AD20048703B;
			remoteInfo = "Photo Bombers";
		};
/* End PBXContainerItemProxy section */

/* Begin PBXFileReference section */
		02CBC461499BE474FA3B53F4 /* Pods.debug.xcconfig */ = {isa = PBXFileReference; includeInIndex = 1; lastKnownFileType = text.xcconfig; name = Pods.debug.xcconfig; path = "Pods/Target Support Files/Pods/Pods.debug.xcconfig"; sourceTree = "<group>"; };
		BD594E181B87107B00F9AC91 /* Podfile */ = {isa = PBXFileReference; lastKnownFileType = text; name = Podfile; path = "Photo Bombers/Podfile"; sourceTree = "<group>"; };
		BDFBDED81B849AD20048703B /* Photo Bombers.app */ = {isa = PBXFileReference; explicitFileType = wrapper.application; includeInIndex = 0; path = "Photo Bombers.app"; sourceTree = BUILT_PRODUCTS_DIR; };
		BDFBDEDC1B849AD20048703B /* Info.plist */ = {isa = PBXFileReference; lastKnownFileType = text.plist.xml; path = Info.plist; sourceTree = "<group>"; };
		BDFBDEDD1B849AD20048703B /* main.m */ = {isa = PBXFileReference; lastKnownFileType = sourcecode.c.objc; path = main.m; sourceTree = "<group>"; };
		BDFBDEDF1B849AD20048703B /* AppDelegate.h */ = {isa = PBXFileReference; lastKnownFileType = sourcecode.c.h; path = AppDelegate.h; sourceTree = "<group>"; };
		BDFBDEE01B849AD20048703B /* AppDelegate.m */ = {isa = PBXFileReference; lastKnownFileType = sourcecode.c.objc; path = AppDelegate.m; sourceTree = "<group>"; };
		BDFBDEE81B849AD20048703B /* Images.xcassets */ = {isa = PBXFileReference; lastKnownFileType = folder.assetcatalog; path = Images.xcassets; sourceTree = "<group>"; };
		BDFBDEF11B849AD20048703B /* Photo BombersTests.xctest */ = {isa = PBXFileReference; explicitFileType = wrapper.cfbundle; includeInIndex = 0; path = "Photo BombersTests.xctest"; sourceTree = BUILT_PRODUCTS_DIR; };
		BDFBDEF61B849AD20048703B /* Info.plist */ = {isa = PBXFileReference; lastKnownFileType = text.plist.xml; path = Info.plist; sourceTree = "<group>"; };
		BDFBDEF71B849AD20048703B /* Photo_BombersTests.m */ = {isa = PBXFileReference; lastKnownFileType = sourcecode.c.objc; path = Photo_BombersTests.m; sourceTree = "<group>"; };
		BDFBDF051B849B970048703B /* PhotosViewController.h */ = {isa = PBXFileReference; fileEncoding = 4; lastKnownFileType = sourcecode.c.h; path = PhotosViewController.h; sourceTree = "<group>"; };
		BDFBDF061B849B970048703B /* PhotosViewController.m */ = {isa = PBXFileReference; fileEncoding = 4; lastKnownFileType = sourcecode.c.objc; path = PhotosViewController.m; sourceTree = "<group>"; };
		BDFBDF081B84AA490048703B /* PhotoCell.h */ = {isa = PBXFileReference; fileEncoding = 4; lastKnownFileType = sourcecode.c.h; path = PhotoCell.h; sourceTree = "<group>"; };
		BDFBDF091B84AA490048703B /* PhotoCell.m */ = {isa = PBXFileReference; fileEncoding = 4; lastKnownFileType = sourcecode.c.objc; path = PhotoCell.m; sourceTree = "<group>"; };
		C6D0B1C10D168045A9451C4B /* libPods.a */ = {isa = PBXFileReference; explicitFileType = archive.ar; includeInIndex = 0; path = libPods.a; sourceTree = BUILT_PRODUCTS_DIR; };
		D8581E293E6B39797C598407 /* Pods.release.xcconfig */ = {isa = PBXFileReference; includeInIndex = 1; lastKnownFileType = text.xcconfig; name = Pods.release.xcconfig; path = "Pods/Target Support Files/Pods/Pods.release.xcconfig"; sourceTree = "<group>"; };
/* End PBXFileReference section */

/* Begin PBXFrameworksBuildPhase section */
		BDFBDED51B849AD20048703B /* Frameworks */ = {
			isa = PBXFrameworksBuildPhase;
			buildActionMask = 2147483647;
			files = (
				ABB2AB6E6DC6542D0F3F323E /* libPods.a in Frameworks */,
			);
			runOnlyForDeploymentPostprocessing = 0;
		};
		BDFBDEEE1B849AD20048703B /* Frameworks */ = {
			isa = PBXFrameworksBuildPhase;
			buildActionMask = 2147483647;
			files = (
			);
			runOnlyForDeploymentPostprocessing = 0;
		};
/* End PBXFrameworksBuildPhase section */

/* Begin PBXGroup section */
		40DF1307F432D4C6C7FC09D0 /* Pods */ = {
			isa = PBXGroup;
			children = (
				02CBC461499BE474FA3B53F4 /* Pods.debug.xcconfig */,
				D8581E293E6B39797C598407 /* Pods.release.xcconfig */,
			);
			name = Pods;
			sourceTree = "<group>";
		};
		BDFBDECF1B849AD20048703B = {
			isa = PBXGroup;
			children = (
				BD594E181B87107B00F9AC91 /* Podfile */,
				BDFBDEDA1B849AD20048703B /* Photo Bombers */,
				BDFBDEF41B849AD20048703B /* Photo BombersTests */,
				BDFBDED91B849AD20048703B /* Products */,
				40DF1307F432D4C6C7FC09D0 /* Pods */,
				EB8751EBC24BB656031BEC43 /* Frameworks */,
			);
			sourceTree = "<group>";
		};
		BDFBDED91B849AD20048703B /* Products */ = {
			isa = PBXGroup;
			children = (
				BDFBDED81B849AD20048703B /* Photo Bombers.app */,
				BDFBDEF11B849AD20048703B /* Photo BombersTests.xctest */,
			);
			name = Products;
			sourceTree = "<group>";
		};
		BDFBDEDA1B849AD20048703B /* Photo Bombers */ = {
			isa = PBXGroup;
			children = (
				BDFBDEDF1B849AD20048703B /* AppDelegate.h */,
				BDFBDEE01B849AD20048703B /* AppDelegate.m */,
				BDFBDF051B849B970048703B /* PhotosViewController.h */,
				BDFBDF061B849B970048703B /* PhotosViewController.m */,
				BDFBDF081B84AA490048703B /* PhotoCell.h */,
				BDFBDF091B84AA490048703B /* PhotoCell.m */,
				BDFBDEE81B849AD20048703B /* Images.xcassets */,
				BDFBDEDB1B849AD20048703B /* Supporting Files */,
			);
			path = "Photo Bombers";
			sourceTree = "<group>";
		};
		BDFBDEDB1B849AD20048703B /* Supporting Files */ = {
			isa = PBXGroup;
			children = (
				BDFBDEDC1B849AD20048703B /* Info.plist */,
				BDFBDEDD1B849AD20048703B /* main.m */,
			);
			name = "Supporting Files";
			sourceTree = "<group>";
		};
		BDFBDEF41B849AD20048703B /* Photo BombersTests */ = {
			isa = PBXGroup;
			children = (
				BDFBDEF71B849AD20048703B /* Photo_BombersTests.m */,
				BDFBDEF51B849AD20048703B /* Supporting Files */,
			);
			path = "Photo BombersTests";
			sourceTree = "<group>";
		};
		BDFBDEF51B849AD20048703B /* Supporting Files */ = {
			isa = PBXGroup;
			children = (
				BDFBDEF61B849AD20048703B /* Info.plist */,
			);
			name = "Supporting Files";
			sourceTree = "<group>";
		};
		EB8751EBC24BB656031BEC43 /* Frameworks */ = {
			isa = PBXGroup;
			children = (
				C6D0B1C10D168045A9451C4B /* libPods.a */,
			);
			name = Frameworks;
			sourceTree = "<group>";
		};
/* End PBXGroup section */

/* Begin PBXNativeTarget section */
		BDFBDED71B849AD20048703B /* Photo Bombers */ = {
			isa = PBXNativeTarget;
			buildConfigurationList = BDFBDEFB1B849AD20048703B /* Build configuration list for PBXNativeTarget "Photo Bombers" */;
			buildPhases = (
				C48156D33D62CDEA733E06F0 /* Check Pods Manifest.lock */,
				BDFBDED41B849AD20048703B /* Sources */,
				BDFBDED51B849AD20048703B /* Frameworks */,
				BDFBDED61B849AD20048703B /* Resources */,
				63FE40DE15ACD2D6D430BE29 /* Copy Pods Resources */,
			);
			buildRules = (
			);
			dependencies = (
			);
			name = "Photo Bombers";
			productName = "Photo Bombers";
			productReference = BDFBDED81B849AD20048703B /* Photo Bombers.app */;
			productType = "com.apple.product-type.application";
		};
		BDFBDEF01B849AD20048703B /* Photo BombersTests */ = {
			isa = PBXNativeTarget;
			buildConfigurationList = BDFBDEFE1B849AD20048703B /* Build configuration list for PBXNativeTarget "Photo BombersTests" */;
			buildPhases = (
				BDFBDEED1B849AD20048703B /* Sources */,
				BDFBDEEE1B849AD20048703B /* Frameworks */,
				BDFBDEEF1B849AD20048703B /* Resources */,
			);
			buildRules = (
			);
			dependencies = (
				BDFBDEF31B849AD20048703B /* PBXTargetDependency */,
			);
			name = "Photo BombersTests";
			productName = "Photo BombersTests";
			productReference = BDFBDEF11B849AD20048703B /* Photo BombersTests.xctest */;
			productType = "com.apple.product-type.bundle.unit-test";
		};
/* End PBXNativeTarget section */

/* Begin PBXProject section */
		BDFBDED01B849AD20048703B /* Project object */ = {
			isa = PBXProject;
			attributes = {
				LastUpgradeCheck = 0620;
				ORGANIZATIONNAME = "Alex Valladares";
				TargetAttributes = {
					BDFBDED71B849AD20048703B = {
						CreatedOnToolsVersion = 6.2;
					};
					BDFBDEF01B849AD20048703B = {
						CreatedOnToolsVersion = 6.2;
						TestTargetID = BDFBDED71B849AD20048703B;
					};
				};
			};
			buildConfigurationList = BDFBDED31B849AD20048703B /* Build configuration list for PBXProject "Photo Bombers" */;
			compatibilityVersion = "Xcode 3.2";
			developmentRegion = English;
			hasScannedForEncodings = 0;
			knownRegions = (
				en,
				Base,
			);
			mainGroup = BDFBDECF1B849AD20048703B;
			productRefGroup = BDFBDED91B849AD20048703B /* Products */;
			projectDirPath = "";
			projectRoot = "";
			targets = (
				BDFBDED71B849AD20048703B /* Photo Bombers */,
				BDFBDEF01B849AD20048703B /* Photo BombersTests */,
			);
		};
/* End PBXProject section */

/* Begin PBXResourcesBuildPhase section */
		BDFBDED61B849AD20048703B /* Resources */ = {
			isa = PBXResourcesBuildPhase;
			buildActionMask = 2147483647;
			files = (
				BDFBDEE91B849AD20048703B /* Images.xcassets in Resources */,
			);
			runOnlyForDeploymentPostprocessing = 0;
		};
		BDFBDEEF1B849AD20048703B /* Resources */ = {
			isa = PBXResourcesBuildPhase;
			buildActionMask = 2147483647;
			files = (
			);
			runOnlyForDeploymentPostprocessing = 0;
		};
/* End PBXResourcesBuildPhase section */

/* Begin PBXShellScriptBuildPhase section */
		63FE40DE15ACD2D6D430BE29 /* Copy Pods Resources */ = {
			isa = PBXShellScriptBuildPhase;
			buildActionMask = 2147483647;
			files = (
			);
			inputPaths = (
			);
			name = "Copy Pods Resources";
			outputPaths = (
			);
			runOnlyForDeploymentPostprocessing = 0;
			shellPath = /bin/sh;
			shellScript = "\"${SRCROOT}/Pods/Target Support Files/Pods/Pods-resources.sh\"\n";
			showEnvVarsInLog = 0;
		};
		C48156D33D62CDEA733E06F0 /* Check Pods Manifest.lock */ = {
			isa = PBXShellScriptBuildPhase;
			buildActionMask = 2147483647;
			files = (
			);
			inputPaths = (
			);
			name = "Check Pods Manifest.lock";
			outputPaths = (
			);
			runOnlyForDeploymentPostprocessing = 0;
			shellPath = /bin/sh;
			shellScript = "diff \"${PODS_ROOT}/../Podfile.lock\" \"${PODS_ROOT}/Manifest.lock\" > /dev/null\nif [[ $? != 0 ]] ; then\n    cat << EOM\nerror: The sandbox is not in sync with the Podfile.lock. Run 'pod install' or update your CocoaPods installation.\nEOM\n    exit 1\nfi\n";
			showEnvVarsInLog = 0;
		};
/* End PBXShellScriptBuildPhase section */

/* Begin PBXSourcesBuildPhase section */
		BDFBDED41B849AD20048703B /* Sources */ = {
			isa = PBXSourcesBuildPhase;
			buildActionMask = 2147483647;
			files = (
				BDFBDF0A1B84AA490048703B /* PhotoCell.m in Sources */,
				BDFBDEE11B849AD20048703B /* AppDelegate.m in Sources */,
				BDFBDF071B849B970048703B /* PhotosViewController.m in Sources */,
				BDFBDEDE1B849AD20048703B /* main.m in Sources */,
			);
			runOnlyForDeploymentPostprocessing = 0;
		};
		BDFBDEED1B849AD20048703B /* Sources */ = {
			isa = PBXSourcesBuildPhase;
			buildActionMask = 2147483647;
			files = (
				BDFBDEF81B849AD20048703B /* Photo_BombersTests.m in Sources */,
			);
			runOnlyForDeploymentPostprocessing = 0;
		};
/* End PBXSourcesBuildPhase section */

/* Begin PBXTargetDependency section */
		BDFBDEF31B849AD20048703B /* PBXTargetDependency */ = {
			isa = PBXTargetDependency;
			target = BDFBDED71B849AD20048703B /* Photo Bombers */;
			targetProxy = BDFBDEF21B849AD20048703B /* PBXContainerItemProxy */;
		};
/* End PBXTargetDependency section */

/* Begin XCBuildConfiguration section */
		BDFBDEF91B849AD20048703B /* Debug */ = {
			isa = XCBuildConfiguration;
			buildSettings = {
				ALWAYS_SEARCH_USER_PATHS = NO;
				CLANG_CXX_LANGUAGE_STANDARD = "gnu++0x";
				CLANG_CXX_LIBRARY = "libc++";
				CLANG_ENABLE_MODULES = YES;
				CLANG_ENABLE_OBJC_ARC = YES;
				CLANG_WARN_BOOL_CONVERSION = YES;
				CLANG_WARN_CONSTANT_CONVERSION = YES;
				CLANG_WARN_DIRECT_OBJC_ISA_USAGE = YES_ERROR;
				CLANG_WARN_EMPTY_BODY = YES;
				CLANG_WARN_ENUM_CONVERSION = YES;
				CLANG_WARN_INT_CONVERSION = YES;
				CLANG_WARN_OBJC_ROOT_CLASS = YES_ERROR;
				CLANG_WARN_UNREACHABLE_CODE = YES;
				CLANG_WARN__DUPLICATE_METHOD_MATCH = YES;
				"CODE_SIGN_IDENTITY[sdk=iphoneos*]" = "iPhone Developer";
				COPY_PHASE_STRIP = NO;
				ENABLE_STRICT_OBJC_MSGSEND = YES;
				GCC_C_LANGUAGE_STANDARD = gnu99;
				GCC_DYNAMIC_NO_PIC = NO;
				GCC_OPTIMIZATION_LEVEL = 0;
				GCC_PREPROCESSOR_DEFINITIONS = (
					"DEBUG=1",
					"$(inherited)",
				);
				GCC_SYMBOLS_PRIVATE_EXTERN = NO;
				GCC_WARN_64_TO_32_BIT_CONVERSION = YES;
				GCC_WARN_ABOUT_RETURN_TYPE = YES_ERROR;
				GCC_WARN_UNDECLARED_SELECTOR = YES;
				GCC_WARN_UNINITIALIZED_AUTOS = YES_AGGRESSIVE;
				GCC_WARN_UNUSED_FUNCTION = YES;
				GCC_WARN_UNUSED_VARIABLE = YES;
				IPHONEOS_DEPLOYMENT_TARGET = 8.2;
				MTL_ENABLE_DEBUG_INFO = YES;
				ONLY_ACTIVE_ARCH = YES;
				SDKROOT = iphoneos;
			};
			name = Debug;
		};
		BDFBDEFA1B849AD20048703B /* Release */ = {
			isa = XCBuildConfiguration;
			buildSettings = {
				ALWAYS_SEARCH_USER_PATHS = NO;
				CLANG_CXX_LANGUAGE_STANDARD = "gnu++0x";
				CLANG_CXX_LIBRARY = "libc++";
				CLANG_ENABLE_MODULES = YES;
				CLANG_ENABLE_OBJC_ARC = YES;
				CLANG_WARN_BOOL_CONVERSION = YES;
				CLANG_WARN_CONSTANT_CONVERSION = YES;
				CLANG_WARN_DIRECT_OBJC_ISA_USAGE = YES_ERROR;
				CLANG_WARN_EMPTY_BODY = YES;
				CLANG_WARN_ENUM_CONVERSION = YES;
				CLANG_WARN_INT_CONVERSION = YES;
				CLANG_WARN_OBJC_ROOT_CLASS = YES_ERROR;
				CLANG_WARN_UNREACHABLE_CODE = YES;
				CLANG_WARN__DUPLICATE_METHOD_MATCH = YES;
				"CODE_SIGN_IDENTITY[sdk=iphoneos*]" = "iPhone Developer";
				COPY_PHASE_STRIP = NO;
				ENABLE_NS_ASSERTIONS = NO;
				ENABLE_STRICT_OBJC_MSGSEND = YES;
				GCC_C_LANGUAGE_STANDARD = gnu99;
				GCC_WARN_64_TO_32_BIT_CONVERSION = YES;
				GCC_WARN_ABOUT_RETURN_TYPE = YES_ERROR;
				GCC_WARN_UNDECLARED_SELECTOR = YES;
				GCC_WARN_UNINITIALIZED_AUTOS = YES_AGGRESSIVE;
				GCC_WARN_UNUSED_FUNCTION = YES;
				GCC_WARN_UNUSED_VARIABLE = YES;
				IPHONEOS_DEPLOYMENT_TARGET = 8.2;
				MTL_ENABLE_DEBUG_INFO = NO;
				SDKROOT = iphoneos;
				VALIDATE_PRODUCT = YES;
			};
			name = Release;
		};
		BDFBDEFC1B849AD20048703B /* Debug */ = {
			isa = XCBuildConfiguration;
			baseConfigurationReference = 02CBC461499BE474FA3B53F4 /* Pods.debug.xcconfig */;
			buildSettings = {
				ASSETCATALOG_COMPILER_APPICON_NAME = AppIcon;
				INFOPLIST_FILE = "Photo Bombers/Info.plist";
				LD_RUNPATH_SEARCH_PATHS = "$(inherited) @executable_path/Frameworks";
				PRODUCT_NAME = "$(TARGET_NAME)";
			};
			name = Debug;
		};
		BDFBDEFD1B849AD20048703B /* Release */ = {
			isa = XCBuildConfiguration;
			baseConfigurationReference = D8581E293E6B39797C598407 /* Pods.release.xcconfig */;
			buildSettings = {
				ASSETCATALOG_COMPILER_APPICON_NAME = AppIcon;
				INFOPLIST_FILE = "Photo Bombers/Info.plist";
				LD_RUNPATH_SEARCH_PATHS = "$(inherited) @executable_path/Frameworks";
				PRODUCT_NAME = "$(TARGET_NAME)";
			};
			name = Release;
		};
		BDFBDEFF1B849AD20048703B /* Debug */ = {
			isa = XCBuildConfiguration;
			buildSettings = {
				BUNDLE_LOADER = "$(TEST_HOST)";
				FRAMEWORK_SEARCH_PATHS = (
					"$(SDKROOT)/Developer/Library/Frameworks",
					"$(inherited)",
				);
				GCC_PREPROCESSOR_DEFINITIONS = (
					"DEBUG=1",
					"$(inherited)",
				);
				INFOPLIST_FILE = "Photo BombersTests/Info.plist";
				LD_RUNPATH_SEARCH_PATHS = "$(inherited) @executable_path/Frameworks @loader_path/Frameworks";
				PRODUCT_NAME = "$(TARGET_NAME)";
				TEST_HOST = "$(BUILT_PRODUCTS_DIR)/Photo Bombers.app/Photo Bombers";
			};
			name = Debug;
		};
		BDFBDF001B849AD20048703B /* Release */ = {
			isa = XCBuildConfiguration;
			buildSettings = {
				BUNDLE_LOADER = "$(TEST_HOST)";
				FRAMEWORK_SEARCH_PATHS = (
					"$(SDKROOT)/Developer/Library/Frameworks",
					"$(inherited)",
				);
				INFOPLIST_FILE = "Photo BombersTests/Info.plist";
				LD_RUNPATH_SEARCH_PATHS = "$(inherited) @executable_path/Frameworks @loader_path/Frameworks";
				PRODUCT_NAME = "$(TARGET_NAME)";
				TEST_HOST = "$(BUILT_PRODUCTS_DIR)/Photo Bombers.app/Photo Bombers";
			};
			name = Release;
		};
/* End XCBuildConfiguration section */

/* Begin XCConfigurationList section */
		BDFBDED31B849AD20048703B /* Build configuration list for PBXProject "Photo Bombers" */ = {
			isa = XCConfigurationList;
			buildConfigurations = (
				BDFBDEF91B849AD20048703B /* Debug */,
				BDFBDEFA1B849AD20048703B /* Release */,
			);
			defaultConfigurationIsVisible = 0;
			defaultConfigurationName = Release;
		};
		BDFBDEFB1B849AD20048703B /* Build configuration list for PBXNativeTarget "Photo Bombers" */ = {
			isa = XCConfigurationList;
			buildConfigurations = (
				BDFBDEFC1B849AD20048703B /* Debug */,
				BDFBDEFD1B849AD20048703B /* Release */,
			);
			defaultConfigurationIsVisible = 0;
			defaultConfigurationName = Release;
		};
		BDFBDEFE1B849AD20048703B /* Build configuration list for PBXNativeTarget "Photo BombersTests" */ = {
			isa = XCConfigurationList;
			buildConfigurations = (
				BDFBDEFF1B849AD20048703B /* Debug */,
				BDFBDF001B849AD20048703B /* Release */,
			);
			defaultConfigurationIsVisible = 0;
			defaultConfigurationName = Release;
		};
/* End XCConfigurationList section */
	};
	rootObject = BDFBDED01B849AD20048703B /* Project object */;
}
